PODS:
  - CocoaLumberjack/Default (3.4.1)
  - CocoaLumberjack/Swift (3.4.1):
    - CocoaLumberjack/Default

DEPENDENCIES:
  - CocoaLumberjack/Swift

SPEC REPOS:
  https://github.com/CocoaPods/Specs.git:
    - CocoaLumberjack

SPEC CHECKSUMS:
  CocoaLumberjack: 2e258a064cacc8eb9a2aca318e24d02a0a7fd56d

PODFILE CHECKSUM: 620ee0eef3a7cc260df961ee04abe09f83576d2f

COCOAPODS: 1.5.0
